
Microsoft Visual Studio Solution File, Format Version 12.00
# Visual Studio 15
VisualStudioVersion = 15.0.26124.0
MinimumVisualStudioVersion = 15.0.26124.0
Project("{2150E333-8FDC-42A3-9474-1A3956D46DE8}") = "src", "src", "{5B21D779-2D76-4E29-93EE-5C37548F5312}"
EndProject
Project("{FAE04EC0-301F-11D3-BF4B-00C04F79EFBC}") = "fonor2.0.Web", "src\fonor2.0.Web\fonor2.0.Web.csproj", "{169FE45A-A7EF-4A49-B0EC-DE24B5EA598D}"
EndProject
Project("{FAE04EC0-301F-11D3-BF4B-00C04F79EFBC}") = "fonor2.0.domain", "src\fonor2.0.domain\fonor2.0.domain.csproj", "{855CB6E3-A519-4FC8-A111-E734462EB267}"
EndProject
Project("{FAE04EC0-301F-11D3-BF4B-00C04F79EFBC}") = "fonor2.0.efcore", "src\fonor2.0.efcore\fonor2.0.efcore.csproj", "{E93C09E3-8651-4FAF-A9C5-4138500AAD3F}"
EndProject
Project("{FAE04EC0-301F-11D3-BF4B-00C04F79EFBC}") = "fonor2.0.utility", "src\fonor2.0.utility\fonor2.0.utility.csproj", "{C41E198F-F8DA-4FC6-9738-08521F497112}"
EndProject
Project("{FAE04EC0-301F-11D3-BF4B-00C04F79EFBC}") = "fonor2.0.ui", "src\fonor2.0.ui\fonor2.0.ui.csproj", "{B217922E-FD60-4A38-B4EB-BFB85759DD31}"
EndProject
Global
	GlobalSection(SolutionConfigurationPlatforms) = preSolution
		Debug|Any CPU = Debug|Any CPU
		Debug|x64 = Debug|x64
		Debug|x86 = Debug|x86
		Release|Any CPU = Release|Any CPU
		Release|x64 = Release|x64
		Release|x86 = Release|x86
	EndGlobalSection
	GlobalSection(SolutionProperties) = preSolution
		HideSolutionNode = FALSE
	EndGlobalSection
	GlobalSection(ProjectConfigurationPlatforms) = postSolution
		{169FE45A-A7EF-4A49-B0EC-DE24B5EA598D}.Debug|Any CPU.ActiveCfg = Debug|Any CPU
		{169FE45A-A7EF-4A49-B0EC-DE24B5EA598D}.Debug|Any CPU.Build.0 = Debug|Any CPU
		{169FE45A-A7EF-4A49-B0EC-DE24B5EA598D}.Debug|x64.ActiveCfg = Debug|Any CPU
		{169FE45A-A7EF-4A49-B0EC-DE24B5EA598D}.Debug|x64.Build.0 = Debug|Any CPU
		{169FE45A-A7EF-4A49-B0EC-DE24B5EA598D}.Debug|x86.ActiveCfg = Debug|Any CPU
		{169FE45A-A7EF-4A49-B0EC-DE24B5EA598D}.Debug|x86.Build.0 = Debug|Any CPU
		{169FE45A-A7EF-4A49-B0EC-DE24B5EA598D}.Release|Any CPU.ActiveCfg = Release|Any CPU
		{169FE45A-A7EF-4A49-B0EC-DE24B5EA598D}.Release|Any CPU.Build.0 = Release|Any CPU
		{169FE45A-A7EF-4A49-B0EC-DE24B5EA598D}.Release|x64.ActiveCfg = Release|Any CPU
		{169FE45A-A7EF-4A49-B0EC-DE24B5EA598D}.Release|x64.Build.0 = Release|Any CPU
		{169FE45A-A7EF-4A49-B0EC-DE24B5EA598D}.Release|x86.ActiveCfg = Release|Any CPU
		{169FE45A-A7EF-4A49-B0EC-DE24B5EA598D}.Release|x86.Build.0 = Release|Any CPU
		{855CB6E3-A519-4FC8-A111-E734462EB267}.Debug|Any CPU.ActiveCfg = Debug|Any CPU
		{855CB6E3-A519-4FC8-A111-E734462EB267}.Debug|Any CPU.Build.0 = Debug|Any CPU
		{855CB6E3-A519-4FC8-A111-E734462EB267}.Debug|x64.ActiveCfg = Debug|Any CPU
		{855CB6E3-A519-4FC8-A111-E734462EB267}.Debug|x64.Build.0 = Debug|Any CPU
		{855CB6E3-A519-4FC8-A111-E734462EB267}.Debug|x86.ActiveCfg = Debug|Any CPU
		{855CB6E3-A519-4FC8-A111-E734462EB267}.Debug|x86.Build.0 = Debug|Any CPU
		{855CB6E3-A519-4FC8-A111-E734462EB267}.Release|Any CPU.ActiveCfg = Release|Any CPU
		{855CB6E3-A519-4FC8-A111-E734462EB267}.Release|Any CPU.Build.0 = Release|Any CPU
		{855CB6E3-A519-4FC8-A111-E734462EB267}.Release|x64.ActiveCfg = Release|Any CPU
		{855CB6E3-A519-4FC8-A111-E734462EB267}.Release|x64.Build.0 = Release|Any CPU
		{855CB6E3-A519-4FC8-A111-E734462EB267}.Release|x86.ActiveCfg = Release|Any CPU
		{855CB6E3-A519-4FC8-A111-E734462EB267}.Release|x86.Build.0 = Release|Any CPU
		{E93C09E3-8651-4FAF-A9C5-4138500AAD3F}.Debug|Any CPU.ActiveCfg = Debug|Any CPU
		{E93C09E3-8651-4FAF-A9C5-4138500AAD3F}.Debug|Any CPU.Build.0 = Debug|Any CPU
		{E93C09E3-8651-4FAF-A9C5-4138500AAD3F}.Debug|x64.ActiveCfg = Debug|Any CPU
		{E93C09E3-8651-4FAF-A9C5-4138500AAD3F}.Debug|x64.Build.0 = Debug|Any CPU
		{E93C09E3-8651-4FAF-A9C5-4138500AAD3F}.Debug|x86.ActiveCfg = Debug|Any CPU
		{E93C09E3-8651-4FAF-A9C5-4138500AAD3F}.Debug|x86.Build.0 = Debug|Any CPU
		{E93C09E3-8651-4FAF-A9C5-4138500AAD3F}.Release|Any CPU.ActiveCfg = Release|Any CPU
		{E93C09E3-8651-4FAF-A9C5-4138500AAD3F}.Release|Any CPU.Build.0 = Release|Any CPU
		{E93C09E3-8651-4FAF-A9C5-4138500AAD3F}.Release|x64.ActiveCfg = Release|Any CPU
		{E93C09E3-8651-4FAF-A9C5-4138500AAD3F}.Release|x64.Build.0 = Release|Any CPU
		{E93C09E3-8651-4FAF-A9C5-4138500AAD3F}.Release|x86.ActiveCfg = Release|Any CPU
		{E93C09E3-8651-4FAF-A9C5-4138500AAD3F}.Release|x86.Build.0 = Release|Any CPU
		{C41E198F-F8DA-4FC6-9738-08521F497112}.Debug|Any CPU.ActiveCfg = Debug|Any CPU
		{C41E198F-F8DA-4FC6-9738-08521F497112}.Debug|Any CPU.Build.0 = Debug|Any CPU
		{C41E198F-F8DA-4FC6-9738-08521F497112}.Debug|x64.ActiveCfg = Debug|Any CPU
		{C41E198F-F8DA-4FC6-9738-08521F497112}.Debug|x64.Build.0 = Debug|Any CPU
		{C41E198F-F8DA-4FC6-9738-08521F497112}.Debug|x86.ActiveCfg = Debug|Any CPU
		{C41E198F-F8DA-4FC6-9738-08521F497112}.Debug|x86.Build.0 = Debug|Any CPU
		{C41E198F-F8DA-4FC6-9738-08521F497112}.Release|Any CPU.ActiveCfg = Release|Any CPU
		{C41E198F-F8DA-4FC6-9738-08521F497112}.Release|Any CPU.Build.0 = Release|Any CPU
		{C41E198F-F8DA-4FC6-9738-08521F497112}.Release|x64.ActiveCfg = Release|Any CPU
		{C41E198F-F8DA-4FC6-9738-08521F497112}.Release|x64.Build.0 = Release|Any CPU
		{C41E198F-F8DA-4FC6-9738-08521F497112}.Release|x86.ActiveCfg = Release|Any CPU
		{C41E198F-F8DA-4FC6-9738-08521F497112}.Release|x86.Build.0 = Release|Any CPU
		{B217922E-FD60-4A38-B4EB-BFB85759DD31}.Debug|Any CPU.ActiveCfg = Debug|Any CPU
		{B217922E-FD60-4A38-B4EB-BFB85759DD31}.Debug|Any CPU.Build.0 = Debug|Any CPU
		{B217922E-FD60-4A38-B4EB-BFB85759DD31}.Debug|x64.ActiveCfg = Debug|Any CPU
		{B217922E-FD60-4A38-B4EB-BFB85759DD31}.Debug|x64.Build.0 = Debug|Any CPU
		{B217922E-FD60-4A38-B4EB-BFB85759DD31}.Debug|x86.ActiveCfg = Debug|Any CPU
		{B217922E-FD60-4A38-B4EB-BFB85759DD31}.Debug|x86.Build.0 = Debug|Any CPU
		{B217922E-FD60-4A38-B4EB-BFB85759DD31}.Release|Any CPU.ActiveCfg = Release|Any CPU
		{B217922E-FD60-4A38-B4EB-BFB85759DD31}.Release|Any CPU.Build.0 = Release|Any CPU
		{B217922E-FD60-4A38-B4EB-BFB85759DD31}.Release|x64.ActiveCfg = Release|Any CPU
		{B217922E-FD60-4A38-B4EB-BFB85759DD31}.Release|x64.Build.0 = Release|Any CPU
		{B217922E-FD60-4A38-B4EB-BFB85759DD31}.Release|x86.ActiveCfg = Release|Any CPU
		{B217922E-FD60-4A38-B4EB-BFB85759DD31}.Release|x86.Build.0 = Release|Any CPU
	EndGlobalSection
	GlobalSection(NestedProjects) = preSolution
		{169FE45A-A7EF-4A49-B0EC-DE24B5EA598D} = {5B21D779-2D76-4E29-93EE-5C37548F5312}
		{855CB6E3-A519-4FC8-A111-E734462EB267} = {5B21D779-2D76-4E29-93EE-5C37548F5312}
		{E93C09E3-8651-4FAF-A9C5-4138500AAD3F} = {5B21D779-2D76-4E29-93EE-5C37548F5312}
		{C41E198F-F8DA-4FC6-9738-08521F497112} = {5B21D779-2D76-4E29-93EE-5C37548F5312}
		{B217922E-FD60-4A38-B4EB-BFB85759DD31} = {5B21D779-2D76-4E29-93EE-5C37548F5312}
	EndGlobalSection
EndGlobal
